// !$*UTF8*$!
{
	archiveVersion = 1;
	classes = {
	};
	objectVersion = 46;
	objects = {

/* Begin PBXBuildFile section */
		2408B5911A9E37BF00689090 /* AMformats.swift in Sources */ = {isa = PBXBuildFile; fileRef = 2408B5901A9E37BF00689090 /* AMformats.swift */; };
		240AA3A91AAFAE86001B5258 /* MatchOperation.swift in Sources */ = {isa = PBXBuildFile; fileRef = 240AA3A81AAFAE86001B5258 /* MatchOperation.swift */; };
		241C7E931AB759B40068ED13 /* SearchPrimers.swift in Sources */ = {isa = PBXBuildFile; fileRef = 241C7E911AB759B40068ED13 /* SearchPrimers.swift */; };
		241C7E941AB759B40068ED13 /* SearchPrimers.xib in Resources */ = {isa = PBXBuildFile; fileRef = 241C7E921AB759B40068ED13 /* SearchPrimers.xib */; };
		241CF2B91A97ABCD0063AF5A /* Amplify Help.rtfd in Resources */ = {isa = PBXBuildFile; fileRef = 241CF2B81A97ABCD0063AF5A /* Amplify Help.rtfd */; };
		242001C01A6DFE6F004D35B8 /* Primer.swift in Sources */ = {isa = PBXBuildFile; fileRef = 242001BF1A6DFE6F004D35B8 /* Primer.swift */; };
		242B4C411AA8D8BC003C65A3 /* Fragment.swift in Sources */ = {isa = PBXBuildFile; fileRef = 242B4C401AA8D8BC003C65A3 /* Fragment.swift */; };
		243294421A9E8A7300D176D3 /* PlotterThing.swift in Sources */ = {isa = PBXBuildFile; fileRef = 243294411A9E8A7300D176D3 /* PlotterThing.swift */; };
		245987851A70294F0002D9F8 /* AMsubstrateDelegate.swift in Sources */ = {isa = PBXBuildFile; fileRef = 245987841A70294F0002D9F8 /* AMsubstrateDelegate.swift */; };
		245CB8EE1AB8D117000C7910 /* Welcome.rtf in Resources */ = {isa = PBXBuildFile; fileRef = 245CB8ED1AB8D117000C7910 /* Welcome.rtf */; };
		245DF74D1A8AA2AB00F4C622 /* AMGlobals.swift in Sources */ = {isa = PBXBuildFile; fileRef = 245DF74C1A8AA2AB00F4C622 /* AMGlobals.swift */; };
		246C33F31A75BD5900D5B058 /* TargDelegate.swift in Sources */ = {isa = PBXBuildFile; fileRef = 246C33F21A75BD5900D5B058 /* TargDelegate.swift */; };
		24774E601A8BE53300F95BD9 /* IntArrayController.swift in Sources */ = {isa = PBXBuildFile; fileRef = 24774E5F1A8BE53300F95BD9 /* IntArrayController.swift */; };
		24774E621A8BECB400F95BD9 /* Int1DArrayController.swift in Sources */ = {isa = PBXBuildFile; fileRef = 24774E611A8BECB400F95BD9 /* Int1DArrayController.swift */; };
		2483DAAC1A688BB100789E69 /* AppDelegate.swift in Sources */ = {isa = PBXBuildFile; fileRef = 2483DAAB1A688BB100789E69 /* AppDelegate.swift */; };
		2483DAAE1A688BB100789E69 /* Document.swift in Sources */ = {isa = PBXBuildFile; fileRef = 2483DAAD1A688BB100789E69 /* Document.swift */; };
		2483DAB11A688BB100789E69 /* Document.xib in Resources */ = {isa = PBXBuildFile; fileRef = 2483DAAF1A688BB100789E69 /* Document.xib */; };
		2483DAB31A688BB100789E69 /* Images.xcassets in Resources */ = {isa = PBXBuildFile; fileRef = 2483DAB21A688BB100789E69 /* Images.xcassets */; };
		2483DAB61A688BB100789E69 /* MainMenu.xib in Resources */ = {isa = PBXBuildFile; fileRef = 2483DAB41A688BB100789E69 /* MainMenu.xib */; };
		2483DAC21A688BB100789E69 /* Amplify4Tests.swift in Sources */ = {isa = PBXBuildFile; fileRef = 2483DAC11A688BB100789E69 /* Amplify4Tests.swift */; };
		24A19D271A9BD5B5006486E0 /* Amplify Sample Primers.primers in Resources */ = {isa = PBXBuildFile; fileRef = 24A19D251A9BD5B5006486E0 /* Amplify Sample Primers.primers */; };
		24A19D281A9BD5B5006486E0 /* Amplify Sample Target.rtf in Resources */ = {isa = PBXBuildFile; fileRef = 24A19D261A9BD5B5006486E0 /* Amplify Sample Target.rtf */; };
		24A9D98D1A880EED00E3E032 /* AMprefsController.swift in Sources */ = {isa = PBXBuildFile; fileRef = 24A9D98B1A880EED00E3E032 /* AMprefsController.swift */; };
		24A9D98E1A880EED00E3E032 /* AMprefsController.xib in Resources */ = {isa = PBXBuildFile; fileRef = 24A9D98C1A880EED00E3E032 /* AMprefsController.xib */; };
		24A9D9901A88132700E3E032 /* settings.plist in Resources */ = {isa = PBXBuildFile; fileRef = 24A9D98F1A88132700E3E032 /* settings.plist */; };
		24B03FF21AA4E13A00A132B0 /* Match.swift in Sources */ = {isa = PBXBuildFile; fileRef = 24B03FF11AA4E13A00A132B0 /* Match.swift */; };
		24B4CA6A1AB3A05600CF2831 /* MapItem.swift in Sources */ = {isa = PBXBuildFile; fileRef = 24B4CA691AB3A05600CF2831 /* MapItem.swift */; };
		24BAD94F1AAA5BA5000FE446 /* MapView.swift in Sources */ = {isa = PBXBuildFile; fileRef = 24BAD94E1AAA5BA5000FE446 /* MapView.swift */; };
		24D1E5C91A92E5C600601F58 /* Dimer.swift in Sources */ = {isa = PBXBuildFile; fileRef = 24D1E5C81A92E5C600601F58 /* Dimer.swift */; };
		24E01EDF1A9D41C6000D9E69 /* formats.rtf in Resources */ = {isa = PBXBuildFile; fileRef = 24E01EDE1A9D41C6000D9E69 /* formats.rtf */; };
		24EE0CD31A96AA57002D555F /* AmplifyHelp.xib in Resources */ = {isa = PBXBuildFile; fileRef = 24EE0CD21A96AA57002D555F /* AmplifyHelp.xib */; };
		24EE0CD51A96AB0D002D555F /* AmplifyHelpController.swift in Sources */ = {isa = PBXBuildFile; fileRef = 24EE0CD41A96AB0D002D555F /* AmplifyHelpController.swift */; };
/* End PBXBuildFile section */

/* Begin PBXContainerItemProxy section */
		2483DABC1A688BB100789E69 /* PBXContainerItemProxy */ = {
			isa = PBXContainerItemProxy;
			containerPortal = 2483DA9E1A688BB100789E69 /* Project object */;
			proxyType = 1;
			remoteGlobalIDString = 2483DAA51A688BB100789E69;
			remoteInfo = Amplify4;
		};
/* End PBXContainerItemProxy section */

/* Begin PBXFileReference section */
		2408B5901A9E37BF00689090 /* AMformats.swift */ = {isa = PBXFileReference; fileEncoding = 4; lastKnownFileType = sourcecode.swift; path = AMformats.swift; sourceTree = "<group>"; };
		240AA3A81AAFAE86001B5258 /* MatchOperation.swift */ = {isa = PBXFileReference; fileEncoding = 4; lastKnownFileType = sourcecode.swift; path = MatchOperation.swift; sourceTree = "<group>"; };
		241C7E911AB759B40068ED13 /* SearchPrimers.swift */ = {isa = PBXFileReference; fileEncoding = 4; lastKnownFileType = sourcecode.swift; path = SearchPrimers.swift; sourceTree = "<group>"; };
		241C7E921AB759B40068ED13 /* SearchPrimers.xib */ = {isa = PBXFileReference; fileEncoding = 4; lastKnownFileType = file.xib; path = SearchPrimers.xib; sourceTree = "<group>"; };
		241CF2B81A97ABCD0063AF5A /* Amplify Help.rtfd */ = {isa = PBXFileReference; lastKnownFileType = wrapper.rtfd; path = "Amplify Help.rtfd"; sourceTree = "<group>"; };
		242001BF1A6DFE6F004D35B8 /* Primer.swift */ = {isa = PBXFileReference; fileEncoding = 4; lastKnownFileType = sourcecode.swift; path = Primer.swift; sourceTree = "<group>"; };
		242B4C401AA8D8BC003C65A3 /* Fragment.swift */ = {isa = PBXFileReference; fileEncoding = 4; lastKnownFileType = sourcecode.swift; path = Fragment.swift; sourceTree = "<group>"; };
		243294411A9E8A7300D176D3 /* PlotterThing.swift */ = {isa = PBXFileReference; fileEncoding = 4; lastKnownFileType = sourcecode.swift; path = PlotterThing.swift; sourceTree = "<group>"; };
		245987841A70294F0002D9F8 /* AMsubstrateDelegate.swift */ = {isa = PBXFileReference; fileEncoding = 4; lastKnownFileType = sourcecode.swift; path = AMsubstrateDelegate.swift; sourceTree = "<group>"; };
		245CB8ED1AB8D117000C7910 /* Welcome.rtf */ = {isa = PBXFileReference; fileEncoding = 4; lastKnownFileType = text.rtf; path = Welcome.rtf; sourceTree = "<group>"; };
		245DF74C1A8AA2AB00F4C622 /* AMGlobals.swift */ = {isa = PBXFileReference; fileEncoding = 4; lastKnownFileType = sourcecode.swift; path = AMGlobals.swift; sourceTree = "<group>"; };
		246C33F21A75BD5900D5B058 /* TargDelegate.swift */ = {isa = PBXFileReference; fileEncoding = 4; lastKnownFileType = sourcecode.swift; path = TargDelegate.swift; sourceTree = "<group>"; };
		24774E5F1A8BE53300F95BD9 /* IntArrayController.swift */ = {isa = PBXFileReference; fileEncoding = 4; lastKnownFileType = sourcecode.swift; path = IntArrayController.swift; sourceTree = "<group>"; };
		24774E611A8BECB400F95BD9 /* Int1DArrayController.swift */ = {isa = PBXFileReference; fileEncoding = 4; lastKnownFileType = sourcecode.swift; path = Int1DArrayController.swift; sourceTree = "<group>"; };
		2483DAA61A688BB100789E69 /* Amplify4.app */ = {isa = PBXFileReference; explicitFileType = wrapper.application; includeInIndex = 0; path = Amplify4.app; sourceTree = BUILT_PRODUCTS_DIR; };
		2483DAAA1A688BB100789E69 /* Info.plist */ = {isa = PBXFileReference; lastKnownFileType = text.plist.xml; path = Info.plist; sourceTree = "<group>"; };
		2483DAAB1A688BB100789E69 /* AppDelegate.swift */ = {isa = PBXFileReference; lastKnownFileType = sourcecode.swift; path = AppDelegate.swift; sourceTree = "<group>"; };
		2483DAAD1A688BB100789E69 /* Document.swift */ = {isa = PBXFileReference; lastKnownFileType = sourcecode.swift; path = Document.swift; sourceTree = "<group>"; };
		2483DAB01A688BB100789E69 /* Base */ = {isa = PBXFileReference; lastKnownFileType = file.xib; name = Base; path = Base.lproj/Document.xib; sourceTree = "<group>"; };
		2483DAB21A688BB100789E69 /* Images.xcassets */ = {isa = PBXFileReference; lastKnownFileType = folder.assetcatalog; path = Images.xcassets; sourceTree = "<group>"; };
		2483DAB51A688BB100789E69 /* Base */ = {isa = PBXFileReference; lastKnownFileType = file.xib; name = Base; path = Base.lproj/MainMenu.xib; sourceTree = "<group>"; };
		2483DABB1A688BB100789E69 /* Amplify4Tests.xctest */ = {isa = PBXFileReference; explicitFileType = wrapper.cfbundle; includeInIndex = 0; path = Amplify4Tests.xctest; sourceTree = BUILT_PRODUCTS_DIR; };
		2483DAC01A688BB100789E69 /* Info.plist */ = {isa = PBXFileReference; lastKnownFileType = text.plist.xml; path = Info.plist; sourceTree = "<group>"; };
		2483DAC11A688BB100789E69 /* Amplify4Tests.swift */ = {isa = PBXFileReference; lastKnownFileType = sourcecode.swift; path = Amplify4Tests.swift; sourceTree = "<group>"; };
		24A19D251A9BD5B5006486E0 /* Amplify Sample Primers.primers */ = {isa = PBXFileReference; fileEncoding = 4; lastKnownFileType = text; path = "Amplify Sample Primers.primers"; sourceTree = "<group>"; };
		24A19D261A9BD5B5006486E0 /* Amplify Sample Target.rtf */ = {isa = PBXFileReference; fileEncoding = 4; lastKnownFileType = text.rtf; path = "Amplify Sample Target.rtf"; sourceTree = "<group>"; };
		24A9D98B1A880EED00E3E032 /* AMprefsController.swift */ = {isa = PBXFileReference; fileEncoding = 4; lastKnownFileType = sourcecode.swift; path = AMprefsController.swift; sourceTree = "<group>"; };
		24A9D98C1A880EED00E3E032 /* AMprefsController.xib */ = {isa = PBXFileReference; fileEncoding = 4; lastKnownFileType = file.xib; path = AMprefsController.xib; sourceTree = "<group>"; };
		24A9D98F1A88132700E3E032 /* settings.plist */ = {isa = PBXFileReference; fileEncoding = 4; lastKnownFileType = text.plist.xml; path = settings.plist; sourceTree = "<group>"; };
		24B03FF11AA4E13A00A132B0 /* Match.swift */ = {isa = PBXFileReference; fileEncoding = 4; lastKnownFileType = sourcecode.swift; path = Match.swift; sourceTree = "<group>"; };
		24B4CA691AB3A05600CF2831 /* MapItem.swift */ = {isa = PBXFileReference; fileEncoding = 4; lastKnownFileType = sourcecode.swift; path = MapItem.swift; sourceTree = "<group>"; };
		24BAD94E1AAA5BA5000FE446 /* MapView.swift */ = {isa = PBXFileReference; fileEncoding = 4; lastKnownFileType = sourcecode.swift; path = MapView.swift; sourceTree = "<group>"; };
		24D1E5C81A92E5C600601F58 /* Dimer.swift */ = {isa = PBXFileReference; fileEncoding = 4; lastKnownFileType = sourcecode.swift; path = Dimer.swift; sourceTree = "<group>"; };
		24E01EDE1A9D41C6000D9E69 /* formats.rtf */ = {isa = PBXFileReference; fileEncoding = 4; lastKnownFileType = text.rtf; path = formats.rtf; sourceTree = "<group>"; };
		24E0E78F1A80347F00A93AFE /* Amplify4.entitlements */ = {isa = PBXFileReference; lastKnownFileType = text.xml; path = Amplify4.entitlements; sourceTree = "<group>"; };
		24EE0CD21A96AA57002D555F /* AmplifyHelp.xib */ = {isa = PBXFileReference; fileEncoding = 4; lastKnownFileType = file.xib; path = AmplifyHelp.xib; sourceTree = "<group>"; };
		24EE0CD41A96AB0D002D555F /* AmplifyHelpController.swift */ = {isa = PBXFileReference; fileEncoding = 4; lastKnownFileType = sourcecode.swift; path = AmplifyHelpController.swift; sourceTree = "<group>"; };
/* End PBXFileReference section */

/* Begin PBXFrameworksBuildPhase section */
		2483DAA31A688BB100789E69 /* Frameworks */ = {
			isa = PBXFrameworksBuildPhase;
			buildActionMask = 2147483647;
			files = (
			);
			runOnlyForDeploymentPostprocessing = 0;
		};
		2483DAB81A688BB100789E69 /* Frameworks */ = {
			isa = PBXFrameworksBuildPhase;
			buildActionMask = 2147483647;
			files = (
			);
			runOnlyForDeploymentPostprocessing = 0;
		};
/* End PBXFrameworksBuildPhase section */

/* Begin PBXGroup section */
		2446F0731AB78F5C004465FB /* Search Primers */ = {
			isa = PBXGroup;
			children = (
				241C7E911AB759B40068ED13 /* SearchPrimers.swift */,
				241C7E921AB759B40068ED13 /* SearchPrimers.xib */,
			);
			name = "Search Primers";
			sourceTree = "<group>";
		};
		2446F0741AB78F90004465FB /* Objects */ = {
			isa = PBXGroup;
			children = (
				242001BF1A6DFE6F004D35B8 /* Primer.swift */,
				24D1E5C81A92E5C600601F58 /* Dimer.swift */,
				24B4CA691AB3A05600CF2831 /* MapItem.swift */,
				24B03FF11AA4E13A00A132B0 /* Match.swift */,
				242B4C401AA8D8BC003C65A3 /* Fragment.swift */,
			);
			name = Objects;
			sourceTree = "<group>";
		};
		2483DA9D1A688BB100789E69 = {
			isa = PBXGroup;
			children = (
				2483DAA81A688BB100789E69 /* Amplify4 */,
				2483DABE1A688BB100789E69 /* Amplify4Tests */,
				2483DAA71A688BB100789E69 /* Products */,
			);
			sourceTree = "<group>";
		};
		2483DAA71A688BB100789E69 /* Products */ = {
			isa = PBXGroup;
			children = (
				2483DAA61A688BB100789E69 /* Amplify4.app */,
				2483DABB1A688BB100789E69 /* Amplify4Tests.xctest */,
			);
			name = Products;
			sourceTree = "<group>";
		};
		2483DAA81A688BB100789E69 /* Amplify4 */ = {
			isa = PBXGroup;
			children = (
				24E0E78F1A80347F00A93AFE /* Amplify4.entitlements */,
				245DF74C1A8AA2AB00F4C622 /* AMGlobals.swift */,
				2408B5901A9E37BF00689090 /* AMformats.swift */,
				243294411A9E8A7300D176D3 /* PlotterThing.swift */,
				2483DAAB1A688BB100789E69 /* AppDelegate.swift */,
				245987841A70294F0002D9F8 /* AMsubstrateDelegate.swift */,
				246C33F21A75BD5900D5B058 /* TargDelegate.swift */,
				2446F0731AB78F5C004465FB /* Search Primers */,
				2446F0741AB78F90004465FB /* Objects */,
				248AEF6C1A893E5000F9E8EA /* Prefs */,
				2483DAAD1A688BB100789E69 /* Document.swift */,
				2483DAAF1A688BB100789E69 /* Document.xib */,
				240AA3A81AAFAE86001B5258 /* MatchOperation.swift */,
				24BAD94E1AAA5BA5000FE446 /* MapView.swift */,
				24EE0CD41A96AB0D002D555F /* AmplifyHelpController.swift */,
				24EE0CD21A96AA57002D555F /* AmplifyHelp.xib */,
				2483DAB41A688BB100789E69 /* MainMenu.xib */,
				2483DAB21A688BB100789E69 /* Images.xcassets */,
				2483DAA91A688BB100789E69 /* Supporting Files */,
			);
			path = Amplify4;
			sourceTree = "<group>";
		};
		2483DAA91A688BB100789E69 /* Supporting Files */ = {
			isa = PBXGroup;
			children = (
				24A19D251A9BD5B5006486E0 /* Amplify Sample Primers.primers */,
				24A19D261A9BD5B5006486E0 /* Amplify Sample Target.rtf */,
				24E01EDE1A9D41C6000D9E69 /* formats.rtf */,
				241CF2B81A97ABCD0063AF5A /* Amplify Help.rtfd */,
				24A9D98F1A88132700E3E032 /* settings.plist */,
				245CB8ED1AB8D117000C7910 /* Welcome.rtf */,
				2483DAAA1A688BB100789E69 /* Info.plist */,
			);
			name = "Supporting Files";
			sourceTree = "<group>";
		};
		2483DABE1A688BB100789E69 /* Amplify4Tests */ = {
			isa = PBXGroup;
			children = (
				2483DAC11A688BB100789E69 /* Amplify4Tests.swift */,
				2483DABF1A688BB100789E69 /* Supporting Files */,
			);
			path = Amplify4Tests;
			sourceTree = "<group>";
		};
		2483DABF1A688BB100789E69 /* Supporting Files */ = {
			isa = PBXGroup;
			children = (
				2483DAC01A688BB100789E69 /* Info.plist */,
			);
			name = "Supporting Files";
			sourceTree = "<group>";
		};
		248AEF6C1A893E5000F9E8EA /* Prefs */ = {
			isa = PBXGroup;
			children = (
				24A9D98B1A880EED00E3E032 /* AMprefsController.swift */,
				24A9D98C1A880EED00E3E032 /* AMprefsController.xib */,
				24774E5F1A8BE53300F95BD9 /* IntArrayController.swift */,
				24774E611A8BECB400F95BD9 /* Int1DArrayController.swift */,
			);
			name = Prefs;
			sourceTree = "<group>";
		};
/* End PBXGroup section */

/* Begin PBXNativeTarget section */
		2483DAA51A688BB100789E69 /* Amplify4 */ = {
			isa = PBXNativeTarget;
			buildConfigurationList = 2483DAC51A688BB100789E69 /* Build configuration list for PBXNativeTarget "Amplify4" */;
			buildPhases = (
				2483DAA21A688BB100789E69 /* Sources */,
				2483DAA31A688BB100789E69 /* Frameworks */,
				2483DAA41A688BB100789E69 /* Resources */,
			);
			buildRules = (
			);
			dependencies = (
			);
			name = Amplify4;
			productName = Amplify4;
			productReference = 2483DAA61A688BB100789E69 /* Amplify4.app */;
			productType = "com.apple.product-type.application";
		};
		2483DABA1A688BB100789E69 /* Amplify4Tests */ = {
			isa = PBXNativeTarget;
			buildConfigurationList = 2483DAC81A688BB100789E69 /* Build configuration list for PBXNativeTarget "Amplify4Tests" */;
			buildPhases = (
				2483DAB71A688BB100789E69 /* Sources */,
				2483DAB81A688BB100789E69 /* Frameworks */,
				2483DAB91A688BB100789E69 /* Resources */,
			);
			buildRules = (
			);
			dependencies = (
				2483DABD1A688BB100789E69 /* PBXTargetDependency */,
			);
			name = Amplify4Tests;
			productName = Amplify4Tests;
			productReference = 2483DABB1A688BB100789E69 /* Amplify4Tests.xctest */;
			productType = "com.apple.product-type.bundle.unit-test";
		};
/* End PBXNativeTarget section */

/* Begin PBXProject section */
		2483DA9E1A688BB100789E69 /* Project object */ = {
			isa = PBXProject;
			attributes = {
				LastUpgradeCheck = 0610;
				ORGANIZATIONNAME = "Bill Engels";
				TargetAttributes = {
					2483DAA51A688BB100789E69 = {
						CreatedOnToolsVersion = 6.1.1;
						SystemCapabilities = {
							com.apple.Sandbox = {
								enabled = 0;
							};
						};
					};
					2483DABA1A688BB100789E69 = {
						CreatedOnToolsVersion = 6.1.1;
						TestTargetID = 2483DAA51A688BB100789E69;
					};
				};
			};
			buildConfigurationList = 2483DAA11A688BB100789E69 /* Build configuration list for PBXProject "Amplify4" */;
			compatibilityVersion = "Xcode 3.2";
			developmentRegion = English;
			hasScannedForEncodings = 0;
			knownRegions = (
				en,
				Base,
			);
			mainGroup = 2483DA9D1A688BB100789E69;
			productRefGroup = 2483DAA71A688BB100789E69 /* Products */;
			projectDirPath = "";
			projectRoot = "";
			targets = (
				2483DAA51A688BB100789E69 /* Amplify4 */,
				2483DABA1A688BB100789E69 /* Amplify4Tests */,
			);
		};
/* End PBXProject section */

/* Begin PBXResourcesBuildPhase section */
		2483DAA41A688BB100789E69 /* Resources */ = {
			isa = PBXResourcesBuildPhase;
			buildActionMask = 2147483647;
			files = (
				24E01EDF1A9D41C6000D9E69 /* formats.rtf in Resources */,
				24A9D9901A88132700E3E032 /* settings.plist in Resources */,
				2483DAB11A688BB100789E69 /* Document.xib in Resources */,
				241CF2B91A97ABCD0063AF5A /* Amplify Help.rtfd in Resources */,
				2483DAB31A688BB100789E69 /* Images.xcassets in Resources */,
				24A19D271A9BD5B5006486E0 /* Amplify Sample Primers.primers in Resources */,
				2483DAB61A688BB100789E69 /* MainMenu.xib in Resources */,
				24A9D98E1A880EED00E3E032 /* AMprefsController.xib in Resources */,
				24A19D281A9BD5B5006486E0 /* Amplify Sample Target.rtf in Resources */,
				245CB8EE1AB8D117000C7910 /* Welcome.rtf in Resources */,
				24EE0CD31A96AA57002D555F /* AmplifyHelp.xib in Resources */,
				241C7E941AB759B40068ED13 /* SearchPrimers.xib in Resources */,
			);
			runOnlyForDeploymentPostprocessing = 0;
		};
		2483DAB91A688BB100789E69 /* Resources */ = {
			isa = PBXResourcesBuildPhase;
			buildActionMask = 2147483647;
			files = (
			);
			runOnlyForDeploymentPostprocessing = 0;
		};
/* End PBXResourcesBuildPhase section */

/* Begin PBXSourcesBuildPhase section */
		2483DAA21A688BB100789E69 /* Sources */ = {
			isa = PBXSourcesBuildPhase;
			buildActionMask = 2147483647;
			files = (
				241C7E931AB759B40068ED13 /* SearchPrimers.swift in Sources */,
				2408B5911A9E37BF00689090 /* AMformats.swift in Sources */,
				24BAD94F1AAA5BA5000FE446 /* MapView.swift in Sources */,
				245987851A70294F0002D9F8 /* AMsubstrateDelegate.swift in Sources */,
				24774E621A8BECB400F95BD9 /* Int1DArrayController.swift in Sources */,
				242B4C411AA8D8BC003C65A3 /* Fragment.swift in Sources */,
				24774E601A8BE53300F95BD9 /* IntArrayController.swift in Sources */,
				24D1E5C91A92E5C600601F58 /* Dimer.swift in Sources */,
				24EE0CD51A96AB0D002D555F /* AmplifyHelpController.swift in Sources */,
				245DF74D1A8AA2AB00F4C622 /* AMGlobals.swift in Sources */,
				246C33F31A75BD5900D5B058 /* TargDelegate.swift in Sources */,
				2483DAAE1A688BB100789E69 /* Document.swift in Sources */,
				242001C01A6DFE6F004D35B8 /* Primer.swift in Sources */,
				24A9D98D1A880EED00E3E032 /* AMprefsController.swift in Sources */,
				240AA3A91AAFAE86001B5258 /* MatchOperation.swift in Sources */,
				243294421A9E8A7300D176D3 /* PlotterThing.swift in Sources */,
				2483DAAC1A688BB100789E69 /* AppDelegate.swift in Sources */,
				24B03FF21AA4E13A00A132B0 /* Match.swift in Sources */,
				24B4CA6A1AB3A05600CF2831 /* MapItem.swift in Sources */,
			);
			runOnlyForDeploymentPostprocessing = 0;
		};
		2483DAB71A688BB100789E69 /* Sources */ = {
			isa = PBXSourcesBuildPhase;
			buildActionMask = 2147483647;
			files = (
				2483DAC21A688BB100789E69 /* Amplify4Tests.swift in Sources */,
			);
			runOnlyForDeploymentPostprocessing = 0;
		};
/* End PBXSourcesBuildPhase section */

/* Begin PBXTargetDependency section */
		2483DABD1A688BB100789E69 /* PBXTargetDependency */ = {
			isa = PBXTargetDependency;
			target = 2483DAA51A688BB100789E69 /* Amplify4 */;
			targetProxy = 2483DABC1A688BB100789E69 /* PBXContainerItemProxy */;
		};
/* End PBXTargetDependency section */

/* Begin PBXVariantGroup section */
		2483DAAF1A688BB100789E69 /* Document.xib */ = {
			isa = PBXVariantGroup;
			children = (
				2483DAB01A688BB100789E69 /* Base */,
			);
			name = Document.xib;
			sourceTree = "<group>";
		};
		2483DAB41A688BB100789E69 /* MainMenu.xib */ = {
			isa = PBXVariantGroup;
			children = (
				2483DAB51A688BB100789E69 /* Base */,
			);
			name = MainMenu.xib;
			sourceTree = "<group>";
		};
/* End PBXVariantGroup section */

/* Begin XCBuildConfiguration section */
		2483DAC31A688BB100789E69 /* Debug */ = {
			isa = XCBuildConfiguration;
			buildSettings = {
				ALWAYS_SEARCH_USER_PATHS = NO;
				ASSETCATALOG_COMPILER_APPICON_NAME = "";
				CLANG_CXX_LANGUAGE_STANDARD = "gnu++0x";
				CLANG_CXX_LIBRARY = "libc++";
				CLANG_ENABLE_MODULES = YES;
				CLANG_ENABLE_OBJC_ARC = YES;
				CLANG_WARN_BOOL_CONVERSION = YES;
				CLANG_WARN_CONSTANT_CONVERSION = YES;
				CLANG_WARN_DIRECT_OBJC_ISA_USAGE = YES_ERROR;
				CLANG_WARN_EMPTY_BODY = YES;
				CLANG_WARN_ENUM_CONVERSION = YES;
				CLANG_WARN_INT_CONVERSION = YES;
				CLANG_WARN_OBJC_ROOT_CLASS = YES_ERROR;
				CLANG_WARN_UNREACHABLE_CODE = YES;
				CLANG_WARN__DUPLICATE_METHOD_MATCH = YES;
				CODE_SIGN_IDENTITY = "-";
				COPY_PHASE_STRIP = NO;
				ENABLE_STRICT_OBJC_MSGSEND = YES;
				GCC_C_LANGUAGE_STANDARD = gnu99;
				GCC_DYNAMIC_NO_PIC = NO;
				GCC_OPTIMIZATION_LEVEL = 0;
				GCC_PREPROCESSOR_DEFINITIONS = (
					"DEBUG=1",
					"$(inherited)",
				);
				GCC_SYMBOLS_PRIVATE_EXTERN = NO;
				GCC_WARN_64_TO_32_BIT_CONVERSION = YES;
				GCC_WARN_ABOUT_RETURN_TYPE = YES_ERROR;
				GCC_WARN_UNDECLARED_SELECTOR = YES;
				GCC_WARN_UNINITIALIZED_AUTOS = YES_AGGRESSIVE;
				GCC_WARN_UNUSED_FUNCTION = YES;
				GCC_WARN_UNUSED_VARIABLE = YES;
				MACOSX_DEPLOYMENT_TARGET = 10.10;
				MTL_ENABLE_DEBUG_INFO = YES;
				ONLY_ACTIVE_ARCH = YES;
				SDKROOT = macosx;
				SWIFT_OPTIMIZATION_LEVEL = "-Onone";
			};
			name = Debug;
		};
		2483DAC41A688BB100789E69 /* Release */ = {
			isa = XCBuildConfiguration;
			buildSettings = {
				ALWAYS_SEARCH_USER_PATHS = NO;
				CLANG_CXX_LANGUAGE_STANDARD = "gnu++0x";
				CLANG_CXX_LIBRARY = "libc++";
				CLANG_ENABLE_MODULES = YES;
				CLANG_ENABLE_OBJC_ARC = YES;
				CLANG_WARN_BOOL_CONVERSION = YES;
				CLANG_WARN_CONSTANT_CONVERSION = YES;
				CLANG_WARN_DIRECT_OBJC_ISA_USAGE = YES_ERROR;
				CLANG_WARN_EMPTY_BODY = YES;
				CLANG_WARN_ENUM_CONVERSION = YES;
				CLANG_WARN_INT_CONVERSION = YES;
				CLANG_WARN_OBJC_ROOT_CLASS = YES_ERROR;
				CLANG_WARN_UNREACHABLE_CODE = YES;
				CLANG_WARN__DUPLICATE_METHOD_MATCH = YES;
				CODE_SIGN_IDENTITY = "-";
				COPY_PHASE_STRIP = YES;
				DEBUG_INFORMATION_FORMAT = "dwarf-with-dsym";
				ENABLE_NS_ASSERTIONS = NO;
				ENABLE_STRICT_OBJC_MSGSEND = YES;
				GCC_C_LANGUAGE_STANDARD = gnu99;
				GCC_WARN_64_TO_32_BIT_CONVERSION = YES;
				GCC_WARN_ABOUT_RETURN_TYPE = YES_ERROR;
				GCC_WARN_UNDECLARED_SELECTOR = YES;
				GCC_WARN_UNINITIALIZED_AUTOS = YES_AGGRESSIVE;
				GCC_WARN_UNUSED_FUNCTION = YES;
				GCC_WARN_UNUSED_VARIABLE = YES;
				MACOSX_DEPLOYMENT_TARGET = 10.10;
				MTL_ENABLE_DEBUG_INFO = NO;
				SDKROOT = macosx;
			};
			name = Release;
		};
		2483DAC61A688BB100789E69 /* Debug */ = {
			isa = XCBuildConfiguration;
			buildSettings = {
				ASSETCATALOG_COMPILER_APPICON_NAME = AppIcon;
				COMBINE_HIDPI_IMAGES = YES;
				INFOPLIST_FILE = Amplify4/Info.plist;
				LD_RUNPATH_SEARCH_PATHS = "$(inherited) @executable_path/../Frameworks";
				MACOSX_DEPLOYMENT_TARGET = 10.9;
				PRODUCT_NAME = "$(TARGET_NAME)";
			};
			name = Debug;
		};
		2483DAC71A688BB100789E69 /* Release */ = {
			isa = XCBuildConfiguration;
			buildSettings = {
				ASSETCATALOG_COMPILER_APPICON_NAME = AppIcon;
				COMBINE_HIDPI_IMAGES = YES;
				INFOPLIST_FILE = Amplify4/Info.plist;
				LD_RUNPATH_SEARCH_PATHS = "$(inherited) @executable_path/../Frameworks";
				MACOSX_DEPLOYMENT_TARGET = 10.9;
				PRODUCT_NAME = "$(TARGET_NAME)";
			};
			name = Release;
		};
		2483DAC91A688BB100789E69 /* Debug */ = {
			isa = XCBuildConfiguration;
			buildSettings = {
				BUNDLE_LOADER = "$(TEST_HOST)";
				COMBINE_HIDPI_IMAGES = YES;
				FRAMEWORK_SEARCH_PATHS = (
					"$(DEVELOPER_FRAMEWORKS_DIR)",
					"$(inherited)",
				);
				GCC_PREPROCESSOR_DEFINITIONS = (
					"DEBUG=1",
					"$(inherited)",
				);
				INFOPLIST_FILE = Amplify4Tests/Info.plist;
				LD_RUNPATH_SEARCH_PATHS = "$(inherited) @executable_path/../Frameworks @loader_path/../Frameworks";
				PRODUCT_NAME = "$(TARGET_NAME)";
				TEST_HOST = "$(BUILT_PRODUCTS_DIR)/Amplify4.app/Contents/MacOS/Amplify4";
			};
			name = Debug;
		};
		2483DACA1A688BB100789E69 /* Release */ = {
			isa = XCBuildConfiguration;
			buildSettings = {
				BUNDLE_LOADER = "$(TEST_HOST)";
				COMBINE_HIDPI_IMAGES = YES;
				FRAMEWORK_SEARCH_PATHS = (
					"$(DEVELOPER_FRAMEWORKS_DIR)",
					"$(inherited)",
				);
				INFOPLIST_FILE = Amplify4Tests/Info.plist;
				LD_RUNPATH_SEARCH_PATHS = "$(inherited) @executable_path/../Frameworks @loader_path/../Frameworks";
				PRODUCT_NAME = "$(TARGET_NAME)";
				TEST_HOST = "$(BUILT_PRODUCTS_DIR)/Amplify4.app/Contents/MacOS/Amplify4";
			};
			name = Release;
		};
/* End XCBuildConfiguration section */

/* Begin XCConfigurationList section */
		2483DAA11A688BB100789E69 /* Build configuration list for PBXProject "Amplify4" */ = {
			isa = XCConfigurationList;
			buildConfigurations = (
				2483DAC31A688BB100789E69 /* Debug */,
				2483DAC41A688BB100789E69 /* Release */,
			);
			defaultConfigurationIsVisible = 0;
			defaultConfigurationName = Release;
		};
		2483DAC51A688BB100789E69 /* Build configuration list for PBXNativeTarget "Amplify4" */ = {
			isa = XCConfigurationList;
			buildConfigurations = (
				2483DAC61A688BB100789E69 /* Debug */,
				2483DAC71A688BB100789E69 /* Release */,
			);
			defaultConfigurationIsVisible = 0;
			defaultConfigurationName = Release;
		};
		2483DAC81A688BB100789E69 /* Build configuration list for PBXNativeTarget "Amplify4Tests" */ = {
			isa = XCConfigurationList;
			buildConfigurations = (
				2483DAC91A688BB100789E69 /* Debug */,
				2483DACA1A688BB100789E69 /* Release */,
			);
			defaultConfigurationIsVisible = 0;
			defaultConfigurationName = Release;
		};
/* End XCConfigurationList section */
	};
	rootObject = 2483DA9E1A688BB100789E69 /* Project object */;
}
